// !$*UTF8*$!
{
	archiveVersion = 1;
	classes = {
	};
	objectVersion = 46;
	objects = {

/* Begin PBXBuildFile section */
		5B76B9A01E64EA41004CC329 /* AppDelegate.swift in Sources */ = {isa = PBXBuildFile; fileRef = 5B76B99F1E64EA41004CC329 /* AppDelegate.swift */; };
		5B76B9A51E64EA41004CC329 /* Main.storyboard in Resources */ = {isa = PBXBuildFile; fileRef = 5B76B9A31E64EA41004CC329 /* Main.storyboard */; };
		5B76B9A81E64EA41004CC329 /* Whisky_Tracker.xcdatamodeld in Sources */ = {isa = PBXBuildFile; fileRef = 5B76B9A61E64EA41004CC329 /* Whisky_Tracker.xcdatamodeld */; };
		5B76B9AA1E64EA41004CC329 /* Assets.xcassets in Resources */ = {isa = PBXBuildFile; fileRef = 5B76B9A91E64EA41004CC329 /* Assets.xcassets */; };
		5B76B9AD1E64EA41004CC329 /* LaunchScreen.storyboard in Resources */ = {isa = PBXBuildFile; fileRef = 5B76B9AB1E64EA41004CC329 /* LaunchScreen.storyboard */; };
		5B76B9B81E64EA41004CC329 /* Whisky_TrackerTests.swift in Sources */ = {isa = PBXBuildFile; fileRef = 5B76B9B71E64EA41004CC329 /* Whisky_TrackerTests.swift */; };
		5B76B9C51E64ED5A004CC329 /* WhiskyTrackerMainViewController.swift in Sources */ = {isa = PBXBuildFile; fileRef = 5B76B9C41E64ED5A004CC329 /* WhiskyTrackerMainViewController.swift */; };
/* End PBXBuildFile section */

/* Begin PBXContainerItemProxy section */
		5B76B9B41E64EA41004CC329 /* PBXContainerItemProxy */ = {
			isa = PBXContainerItemProxy;
			containerPortal = 5B76B9941E64EA41004CC329 /* Project object */;
			proxyType = 1;
			remoteGlobalIDString = 5B76B99B1E64EA41004CC329;
			remoteInfo = "Whisky Tracker";
		};
/* End PBXContainerItemProxy section */

/* Begin PBXFileReference section */
		5B76B99C1E64EA41004CC329 /* Whisky Tracker.app */ = {isa = PBXFileReference; explicitFileType = wrapper.application; includeInIndex = 0; path = "Whisky Tracker.app"; sourceTree = BUILT_PRODUCTS_DIR; };
		5B76B99F1E64EA41004CC329 /* AppDelegate.swift */ = {isa = PBXFileReference; lastKnownFileType = sourcecode.swift; path = AppDelegate.swift; sourceTree = "<group>"; };
		5B76B9A41E64EA41004CC329 /* Base */ = {isa = PBXFileReference; lastKnownFileType = file.storyboard; name = Base; path = Base.lproj/Main.storyboard; sourceTree = "<group>"; };
		5B76B9A71E64EA41004CC329 /* Whisky_Tracker.xcdatamodel */ = {isa = PBXFileReference; lastKnownFileType = wrapper.xcdatamodel; path = Whisky_Tracker.xcdatamodel; sourceTree = "<group>"; };
		5B76B9A91E64EA41004CC329 /* Assets.xcassets */ = {isa = PBXFileReference; lastKnownFileType = folder.assetcatalog; path = Assets.xcassets; sourceTree = "<group>"; };
		5B76B9AC1E64EA41004CC329 /* Base */ = {isa = PBXFileReference; lastKnownFileType = file.storyboard; name = Base; path = Base.lproj/LaunchScreen.storyboard; sourceTree = "<group>"; };
		5B76B9AE1E64EA41004CC329 /* Info.plist */ = {isa = PBXFileReference; lastKnownFileType = text.plist.xml; path = Info.plist; sourceTree = "<group>"; };
		5B76B9B31E64EA41004CC329 /* Whisky TrackerTests.xctest */ = {isa = PBXFileReference; explicitFileType = wrapper.cfbundle; includeInIndex = 0; path = "Whisky TrackerTests.xctest"; sourceTree = BUILT_PRODUCTS_DIR; };
		5B76B9B71E64EA41004CC329 /* Whisky_TrackerTests.swift */ = {isa = PBXFileReference; lastKnownFileType = sourcecode.swift; path = Whisky_TrackerTests.swift; sourceTree = "<group>"; };
		5B76B9B91E64EA41004CC329 /* Info.plist */ = {isa = PBXFileReference; lastKnownFileType = text.plist.xml; path = Info.plist; sourceTree = "<group>"; };
		5B76B9C41E64ED5A004CC329 /* WhiskyTrackerMainViewController.swift */ = {isa = PBXFileReference; fileEncoding = 4; lastKnownFileType = sourcecode.swift; path = WhiskyTrackerMainViewController.swift; sourceTree = "<group>"; };
/* End PBXFileReference section */

/* Begin PBXFrameworksBuildPhase section */
		5B76B9991E64EA41004CC329 /* Frameworks */ = {
			isa = PBXFrameworksBuildPhase;
			buildActionMask = 2147483647;
			files = (
			);
			runOnlyForDeploymentPostprocessing = 0;
		};
		5B76B9B01E64EA41004CC329 /* Frameworks */ = {
			isa = PBXFrameworksBuildPhase;
			buildActionMask = 2147483647;
			files = (
			);
			runOnlyForDeploymentPostprocessing = 0;
		};
/* End PBXFrameworksBuildPhase section */

/* Begin PBXGroup section */
		5B76B9931E64EA41004CC329 = {
			isa = PBXGroup;
			children = (
				5B76B99E1E64EA41004CC329 /* Whisky Tracker */,
				5B76B9B61E64EA41004CC329 /* Whisky TrackerTests */,
				5B76B99D1E64EA41004CC329 /* Products */,
			);
			sourceTree = "<group>";
		};
		5B76B99D1E64EA41004CC329 /* Products */ = {
			isa = PBXGroup;
			children = (
				5B76B99C1E64EA41004CC329 /* Whisky Tracker.app */,
				5B76B9B31E64EA41004CC329 /* Whisky TrackerTests.xctest */,
			);
			name = Products;
			sourceTree = "<group>";
		};
		5B76B99E1E64EA41004CC329 /* Whisky Tracker */ = {
			isa = PBXGroup;
			children = (
				5B76B99F1E64EA41004CC329 /* AppDelegate.swift */,
				5B76B9A31E64EA41004CC329 /* Main.storyboard */,
				5B76B9C41E64ED5A004CC329 /* WhiskyTrackerMainViewController.swift */,
				5B76B9A91E64EA41004CC329 /* Assets.xcassets */,
				5B76B9AB1E64EA41004CC329 /* LaunchScreen.storyboard */,
				5B76B9AE1E64EA41004CC329 /* Info.plist */,
				5B76B9A61E64EA41004CC329 /* Whisky_Tracker.xcdatamodeld */,
			);
			path = "Whisky Tracker";
			sourceTree = "<group>";
		};
		5B76B9B61E64EA41004CC329 /* Whisky TrackerTests */ = {
			isa = PBXGroup;
			children = (
				5B76B9B71E64EA41004CC329 /* Whisky_TrackerTests.swift */,
				5B76B9B91E64EA41004CC329 /* Info.plist */,
			);
			path = "Whisky TrackerTests";
			sourceTree = "<group>";
		};
/* End PBXGroup section */

/* Begin PBXNativeTarget section */
		5B76B99B1E64EA41004CC329 /* Whisky Tracker */ = {
			isa = PBXNativeTarget;
			buildConfigurationList = 5B76B9BC1E64EA41004CC329 /* Build configuration list for PBXNativeTarget "Whisky Tracker" */;
			buildPhases = (
				5B76B9981E64EA41004CC329 /* Sources */,
				5B76B9991E64EA41004CC329 /* Frameworks */,
				5B76B99A1E64EA41004CC329 /* Resources */,
			);
			buildRules = (
			);
			dependencies = (
			);
			name = "Whisky Tracker";
			productName = "Whisky Tracker";
			productReference = 5B76B99C1E64EA41004CC329 /* Whisky Tracker.app */;
			productType = "com.apple.product-type.application";
		};
		5B76B9B21E64EA41004CC329 /* Whisky TrackerTests */ = {
			isa = PBXNativeTarget;
			buildConfigurationList = 5B76B9BF1E64EA41004CC329 /* Build configuration list for PBXNativeTarget "Whisky TrackerTests" */;
			buildPhases = (
				5B76B9AF1E64EA41004CC329 /* Sources */,
				5B76B9B01E64EA41004CC329 /* Frameworks */,
				5B76B9B11E64EA41004CC329 /* Resources */,
			);
			buildRules = (
			);
			dependencies = (
				5B76B9B51E64EA41004CC329 /* PBXTargetDependency */,
			);
			name = "Whisky TrackerTests";
			productName = "Whisky TrackerTests";
			productReference = 5B76B9B31E64EA41004CC329 /* Whisky TrackerTests.xctest */;
			productType = "com.apple.product-type.bundle.unit-test";
		};
/* End PBXNativeTarget section */

/* Begin PBXProject section */
		5B76B9941E64EA41004CC329 /* Project object */ = {
			isa = PBXProject;
			attributes = {
				LastSwiftUpdateCheck = 0820;
				LastUpgradeCheck = 0820;
				ORGANIZATIONNAME = "Toasted Records";
				TargetAttributes = {
					5B76B99B1E64EA41004CC329 = {
						CreatedOnToolsVersion = 8.2.1;
						DevelopmentTeam = T775L322BB;
						ProvisioningStyle = Automatic;
					};
					5B76B9B21E64EA41004CC329 = {
						CreatedOnToolsVersion = 8.2.1;
						DevelopmentTeam = T775L322BB;
						ProvisioningStyle = Automatic;
						TestTargetID = 5B76B99B1E64EA41004CC329;
					};
				};
			};
			buildConfigurationList = 5B76B9971E64EA41004CC329 /* Build configuration list for PBXProject "Whisky Tracker" */;
			compatibilityVersion = "Xcode 3.2";
			developmentRegion = English;
			hasScannedForEncodings = 0;
			knownRegions = (
				en,
				Base,
			);
			mainGroup = 5B76B9931E64EA41004CC329;
			productRefGroup = 5B76B99D1E64EA41004CC329 /* Products */;
			projectDirPath = "";
			projectRoot = "";
			targets = (
				5B76B99B1E64EA41004CC329 /* Whisky Tracker */,
				5B76B9B21E64EA41004CC329 /* Whisky TrackerTests */,
			);
		};
/* End PBXProject section */

/* Begin PBXResourcesBuildPhase section */
		5B76B99A1E64EA41004CC329 /* Resources */ = {
			isa = PBXResourcesBuildPhase;
			buildActionMask = 2147483647;
			files = (
				5B76B9AD1E64EA41004CC329 /* LaunchScreen.storyboard in Resources */,
				5B76B9AA1E64EA41004CC329 /* Assets.xcassets in Resources */,
				5B76B9A51E64EA41004CC329 /* Main.storyboard in Resources */,
			);
			runOnlyForDeploymentPostprocessing = 0;
		};
		5B76B9B11E64EA41004CC329 /* Resources */ = {
			isa = PBXResourcesBuildPhase;
			buildActionMask = 2147483647;
			files = (
			);
			runOnlyForDeploymentPostprocessing = 0;
		};
/* End PBXResourcesBuildPhase section */

/* Begin PBXSourcesBuildPhase section */
		5B76B9981E64EA41004CC329 /* Sources */ = {
			isa = PBXSourcesBuildPhase;
			buildActionMask = 2147483647;
			files = (
				5B76B9A81E64EA41004CC329 /* Whisky_Tracker.xcdatamodeld in Sources */,
				5B76B9A01E64EA41004CC329 /* AppDelegate.swift in Sources */,
				5B76B9C51E64ED5A004CC329 /* WhiskyTrackerMainViewController.swift in Sources */,
			);
			runOnlyForDeploymentPostprocessing = 0;
		};
		5B76B9AF1E64EA41004CC329 /* Sources */ = {
			isa = PBXSourcesBuildPhase;
			buildActionMask = 2147483647;
			files = (
				5B76B9B81E64EA41004CC329 /* Whisky_TrackerTests.swift in Sources */,
			);
			runOnlyForDeploymentPostprocessing = 0;
		};
/* End PBXSourcesBuildPhase section */

/* Begin PBXTargetDependency section */
		5B76B9B51E64EA41004CC329 /* PBXTargetDependency */ = {
			isa = PBXTargetDependency;
			target = 5B76B99B1E64EA41004CC329 /* Whisky Tracker */;
			targetProxy = 5B76B9B41E64EA41004CC329 /* PBXContainerItemProxy */;
		};
/* End PBXTargetDependency section */

/* Begin PBXVariantGroup section */
		5B76B9A31E64EA41004CC329 /* Main.storyboard */ = {
			isa = PBXVariantGroup;
			children = (
				5B76B9A41E64EA41004CC329 /* Base */,
			);
			name = Main.storyboard;
			sourceTree = "<group>";
		};
		5B76B9AB1E64EA41004CC329 /* LaunchScreen.storyboard */ = {
			isa = PBXVariantGroup;
			children = (
				5B76B9AC1E64EA41004CC329 /* Base */,
			);
			name = LaunchScreen.storyboard;
			sourceTree = "<group>";
		};
/* End PBXVariantGroup section */

/* Begin XCBuildConfiguration section */
		5B76B9BA1E64EA41004CC329 /* Debug */ = {
			isa = XCBuildConfiguration;
			buildSettings = {
				ALWAYS_SEARCH_USER_PATHS = NO;
				CLANG_ANALYZER_NONNULL = YES;
				CLANG_CXX_LANGUAGE_STANDARD = "gnu++0x";
				CLANG_CXX_LIBRARY = "libc++";
				CLANG_ENABLE_MODULES = YES;
				CLANG_ENABLE_OBJC_ARC = YES;
				CLANG_WARN_BOOL_CONVERSION = YES;
				CLANG_WARN_CONSTANT_CONVERSION = YES;
				CLANG_WARN_DIRECT_OBJC_ISA_USAGE = YES_ERROR;
				CLANG_WARN_DOCUMENTATION_COMMENTS = YES;
				CLANG_WARN_EMPTY_BODY = YES;
				CLANG_WARN_ENUM_CONVERSION = YES;
				CLANG_WARN_INFINITE_RECURSION = YES;
				CLANG_WARN_INT_CONVERSION = YES;
				CLANG_WARN_OBJC_ROOT_CLASS = YES_ERROR;
				CLANG_WARN_SUSPICIOUS_MOVE = YES;
				CLANG_WARN_UNREACHABLE_CODE = YES;
				CLANG_WARN__DUPLICATE_METHOD_MATCH = YES;
				"CODE_SIGN_IDENTITY[sdk=iphoneos*]" = "iPhone Developer";
				COPY_PHASE_STRIP = NO;
				DEBUG_INFORMATION_FORMAT = dwarf;
				ENABLE_STRICT_OBJC_MSGSEND = YES;
				ENABLE_TESTABILITY = YES;
				GCC_C_LANGUAGE_STANDARD = gnu99;
				GCC_DYNAMIC_NO_PIC = NO;
				GCC_NO_COMMON_BLOCKS = YES;
				GCC_OPTIMIZATION_LEVEL = 0;
				GCC_PREPROCESSOR_DEFINITIONS = (
					"DEBUG=1",
					"$(inherited)",
				);
				GCC_WARN_64_TO_32_BIT_CONVERSION = YES;
				GCC_WARN_ABOUT_RETURN_TYPE = YES_ERROR;
				GCC_WARN_UNDECLARED_SELECTOR = YES;
				GCC_WARN_UNINITIALIZED_AUTOS = YES_AGGRESSIVE;
				GCC_WARN_UNUSED_FUNCTION = YES;
				GCC_WARN_UNUSED_VARIABLE = YES;
				IPHONEOS_DEPLOYMENT_TARGET = 10.2;
				MTL_ENABLE_DEBUG_INFO = YES;
				ONLY_ACTIVE_ARCH = YES;
				SDKROOT = iphoneos;
				SWIFT_ACTIVE_COMPILATION_CONDITIONS = DEBUG;
				SWIFT_OPTIMIZATION_LEVEL = "-Onone";
			};
			name = Debug;
		};
		5B76B9BB1E64EA41004CC329 /* Release */ = {
			isa = XCBuildConfiguration;
			buildSettings = {
				ALWAYS_SEARCH_USER_PATHS = NO;
				CLANG_ANALYZER_NONNULL = YES;
				CLANG_CXX_LANGUAGE_STANDARD = "gnu++0x";
				CLANG_CXX_LIBRARY = "libc++";
				CLANG_ENABLE_MODULES = YES;
				CLANG_ENABLE_OBJC_ARC = YES;
				CLANG_WARN_BOOL_CONVERSION = YES;
				CLANG_WARN_CONSTANT_CONVERSION = YES;
				CLANG_WARN_DIRECT_OBJC_ISA_USAGE = YES_ERROR;
				CLANG_WARN_DOCUMENTATION_COMMENTS = YES;
				CLANG_WARN_EMPTY_BODY = YES;
				CLANG_WARN_ENUM_CONVERSION = YES;
				CLANG_WARN_INFINITE_RECURSION = YES;
				CLANG_WARN_INT_CONVERSION = YES;
				CLANG_WARN_OBJC_ROOT_CLASS = YES_ERROR;
				CLANG_WARN_SUSPICIOUS_MOVE = YES;
				CLANG_WARN_UNREACHABLE_CODE = YES;
				CLANG_WARN__DUPLICATE_METHOD_MATCH = YES;
				"CODE_SIGN_IDENTITY[sdk=iphoneos*]" = "iPhone Developer";
				COPY_PHASE_STRIP = NO;
				DEBUG_INFORMATION_FORMAT = "dwarf-with-dsym";
				ENABLE_NS_ASSERTIONS = NO;
				ENABLE_STRICT_OBJC_MSGSEND = YES;
				GCC_C_LANGUAGE_STANDARD = gnu99;
				GCC_NO_COMMON_BLOCKS = YES;
				GCC_WARN_64_TO_32_BIT_CONVERSION = YES;
				GCC_WARN_ABOUT_RETURN_TYPE = YES_ERROR;
				GCC_WARN_UNDECLARED_SELECTOR = YES;
				GCC_WARN_UNINITIALIZED_AUTOS = YES_AGGRESSIVE;
				GCC_WARN_UNUSED_FUNCTION = YES;
				GCC_WARN_UNUSED_VARIABLE = YES;
				IPHONEOS_DEPLOYMENT_TARGET = 10.2;
				MTL_ENABLE_DEBUG_INFO = NO;
				SDKROOT = iphoneos;
				SWIFT_OPTIMIZATION_LEVEL = "-Owholemodule";
				VALIDATE_PRODUCT = YES;
			};
			name = Release;
		};
		5B76B9BD1E64EA41004CC329 /* Debug */ = {
			isa = XCBuildConfiguration;
			buildSettings = {
				ASSETCATALOG_COMPILER_APPICON_NAME = AppIcon;
				DEVELOPMENT_TEAM = T775L322BB;
				INFOPLIST_FILE = "Whisky Tracker/Info.plist";
				LD_RUNPATH_SEARCH_PATHS = "$(inherited) @executable_path/Frameworks";
				PRODUCT_BUNDLE_IDENTIFIER = "com.toastedrecords.Whisky-Tracker";
				PRODUCT_NAME = "$(TARGET_NAME)";
				SWIFT_VERSION = 3.0;
			};
			name = Debug;
		};
		5B76B9BE1E64EA41004CC329 /* Release */ = {
			isa = XCBuildConfiguration;
			buildSettings = {
				ASSETCATALOG_COMPILER_APPICON_NAME = AppIcon;
				DEVELOPMENT_TEAM = T775L322BB;
				INFOPLIST_FILE = "Whisky Tracker/Info.plist";
				LD_RUNPATH_SEARCH_PATHS = "$(inherited) @executable_path/Frameworks";
				PRODUCT_BUNDLE_IDENTIFIER = "com.toastedrecords.Whisky-Tracker";
				PRODUCT_NAME = "$(TARGET_NAME)";
				SWIFT_VERSION = 3.0;
			};
			name = Release;
		};
		5B76B9C01E64EA41004CC329 /* Debug */ = {
			isa = XCBuildConfiguration;
			buildSettings = {
				ALWAYS_EMBED_SWIFT_STANDARD_LIBRARIES = YES;
				BUNDLE_LOADER = "$(TEST_HOST)";
				DEVELOPMENT_TEAM = T775L322BB;
				INFOPLIST_FILE = "Whisky TrackerTests/Info.plist";
				LD_RUNPATH_SEARCH_PATHS = "$(inherited) @executable_path/Frameworks @loader_path/Frameworks";
				PRODUCT_BUNDLE_IDENTIFIER = "com.toastedrecords.Whisky-TrackerTests";
				PRODUCT_NAME = "$(TARGET_NAME)";
				SWIFT_VERSION = 3.0;
				TEST_HOST = "$(BUILT_PRODUCTS_DIR)/Whisky Tracker.app/Whisky Tracker";
			};
			name = Debug;
		};
		5B76B9C11E64EA41004CC329 /* Release */ = {
			isa = XCBuildConfiguration;
			buildSettings = {
				ALWAYS_EMBED_SWIFT_STANDARD_LIBRARIES = YES;
				BUNDLE_LOADER = "$(TEST_HOST)";
				DEVELOPMENT_TEAM = T775L322BB;
				INFOPLIST_FILE = "Whisky TrackerTests/Info.plist";
				LD_RUNPATH_SEARCH_PATHS = "$(inherited) @executable_path/Frameworks @loader_path/Frameworks";
				PRODUCT_BUNDLE_IDENTIFIER = "com.toastedrecords.Whisky-TrackerTests";
				PRODUCT_NAME = "$(TARGET_NAME)";
				SWIFT_VERSION = 3.0;
				TEST_HOST = "$(BUILT_PRODUCTS_DIR)/Whisky Tracker.app/Whisky Tracker";
			};
			name = Release;
		};
/* End XCBuildConfiguration section */

/* Begin XCConfigurationList section */
		5B76B9971E64EA41004CC329 /* Build configuration list for PBXProject "Whisky Tracker" */ = {
			isa = XCConfigurationList;
			buildConfigurations = (
				5B76B9BA1E64EA41004CC329 /* Debug */,
				5B76B9BB1E64EA41004CC329 /* Release */,
			);
			defaultConfigurationIsVisible = 0;
			defaultConfigurationName = Release;
		};
		5B76B9BC1E64EA41004CC329 /* Build configuration list for PBXNativeTarget "Whisky Tracker" */ = {
			isa = XCConfigurationList;
			buildConfigurations = (
				5B76B9BD1E64EA41004CC329 /* Debug */,
				5B76B9BE1E64EA41004CC329 /* Release */,
			);
			defaultConfigurationIsVisible = 0;
		};
		5B76B9BF1E64EA41004CC329 /* Build configuration list for PBXNativeTarget "Whisky TrackerTests" */ = {
			isa = XCConfigurationList;
			buildConfigurations = (
				5B76B9C01E64EA41004CC329 /* Debug */,
				5B76B9C11E64EA41004CC329 /* Release */,
			);
			defaultConfigurationIsVisible = 0;
		};
/* End XCConfigurationList section */

/* Begin XCVersionGroup section */
		5B76B9A61E64EA41004CC329 /* Whisky_Tracker.xcdatamodeld */ = {
			isa = XCVersionGroup;
			children = (
				5B76B9A71E64EA41004CC329 /* Whisky_Tracker.xcdatamodel */,
			);
			currentVersion = 5B76B9A71E64EA41004CC329 /* Whisky_Tracker.xcdatamodel */;
			path = Whisky_Tracker.xcdatamodeld;
			sourceTree = "<group>";
			versionGroupType = wrapper.xcdatamodel;
		};
/* End XCVersionGroup section */
	};
	rootObject = 5B76B9941E64EA41004CC329 /* Project object */;
}
